
Microsoft Visual Studio Solution File, Format Version 12.00
# Visual Studio 15
VisualStudioVersion = 15.0.27703.2035
MinimumVisualStudioVersion = 10.0.40219.1
Project("{FAE04EC0-301F-11D3-BF4B-00C04F79EFBC}") = "Sprout Mortgage Prog", "Sprout Mortgage Prog\Sprout Mortgage Prog.csproj", "{C399194A-B513-4D81-9841-C22A7609CD14}"
EndProject
Global
	GlobalSection(SolutionConfigurationPlatforms) = preSolution
		Debug|Any CPU = Debug|Any CPU
		Release|Any CPU = Release|Any CPU
	EndGlobalSection
	GlobalSection(ProjectConfigurationPlatforms) = postSolution
		{C399194A-B513-4D81-9841-C22A7609CD14}.Debug|Any CPU.ActiveCfg = Debug|Any CPU
		{C399194A-B513-4D81-9841-C22A7609CD14}.Debug|Any CPU.Build.0 = Debug|Any CPU
		{C399194A-B513-4D81-9841-C22A7609CD14}.Release|Any CPU.ActiveCfg = Release|Any CPU
		{C399194A-B513-4D81-9841-C22A7609CD14}.Release|Any CPU.Build.0 = Release|Any CPU
	EndGlobalSection
	GlobalSection(SolutionProperties) = preSolution
		HideSolutionNode = FALSE
	EndGlobalSection
	GlobalSection(ExtensibilityGlobals) = postSolution
		SolutionGuid = {CFB6A465-1B52-44C6-A611-3C6F6706EE07}
	EndGlobalSection
EndGlobal
